
Microsoft Visual Studio Solution File, Format Version 12.00
# Visual Studio Version 16
VisualStudioVersion = 16.0.32630.194
MinimumVisualStudioVersion = 10.0.40219.1
Project("{9A19103F-16F7-4668-BE54-9A1E7A4F7556}") = "EmpWage", "switch_case\EmpWage.csproj", "{107BDE7C-CDC9-4CC6-86B5-809DE6306892}"
EndProject
Global
	GlobalSection(SolutionConfigurationPlatforms) = preSolution
		Debug|Any CPU = Debug|Any CPU
		Release|Any CPU = Release|Any CPU
	EndGlobalSection
	GlobalSection(ProjectConfigurationPlatforms) = postSolution
		{107BDE7C-CDC9-4CC6-86B5-809DE6306892}.Debug|Any CPU.ActiveCfg = Debug|Any CPU
		{107BDE7C-CDC9-4CC6-86B5-809DE6306892}.Debug|Any CPU.Build.0 = Debug|Any CPU
		{107BDE7C-CDC9-4CC6-86B5-809DE6306892}.Release|Any CPU.ActiveCfg = Release|Any CPU
		{107BDE7C-CDC9-4CC6-86B5-809DE6306892}.Release|Any CPU.Build.0 = Release|Any CPU
	EndGlobalSection
	GlobalSection(SolutionProperties) = preSolution
		HideSolutionNode = FALSE
	EndGlobalSection
	GlobalSection(ExtensibilityGlobals) = postSolution
		SolutionGuid = {E54EEFF8-B24A-4AB4-BF76-DB66983E649A}
	EndGlobalSection
EndGlobal
